
Microsoft Visual Studio Solution File, Format Version 12.00
# Visual Studio Version 17
VisualStudioVersion = 17.14.36705.20
MinimumVisualStudioVersion = 10.0.40219.1
Project("{FAE04EC0-301F-11D3-BF4B-00C04F79EFBC}") = "ProjectAstra", "ProjectTemplate\ProjectAstra.csproj", "{677EF618-1E11-4525-AF39-6E5F534EFEEC}"
EndProject
Global
	GlobalSection(SolutionConfigurationPlatforms) = preSolution
		Debug|Any CPU = Debug|Any CPU
		Release|Any CPU = Release|Any CPU
	EndGlobalSection
	GlobalSection(ProjectConfigurationPlatforms) = postSolution
		{677EF618-1E11-4525-AF39-6E5F534EFEEC}.Debug|Any CPU.ActiveCfg = Debug|Any CPU
		{677EF618-1E11-4525-AF39-6E5F534EFEEC}.Debug|Any CPU.Build.0 = Debug|Any CPU
		{677EF618-1E11-4525-AF39-6E5F534EFEEC}.Release|Any CPU.ActiveCfg = Release|Any CPU
		{677EF618-1E11-4525-AF39-6E5F534EFEEC}.Release|Any CPU.Build.0 = Release|Any CPU
	EndGlobalSection
	GlobalSection(SolutionProperties) = preSolution
		HideSolutionNode = FALSE
	EndGlobalSection
	GlobalSection(ExtensibilityGlobals) = postSolution
		SolutionGuid = {761B9784-B753-40DB-8D0F-2EAF237CC680}
	EndGlobalSection
EndGlobal
